
Microsoft Visual Studio Solution File, Format Version 12.00
# Visual Studio Version 16
VisualStudioVersion = 16.0.30104.148
MinimumVisualStudioVersion = 10.0.40219.1
Project("{9A19103F-16F7-4668-BE54-9A1E7A4F7556}") = "exemplo.modelo", "Modelo\exemplo.modelo.csproj", "{22B1682D-2D2B-4F49-86CE-F30F752F658A}"
EndProject
Project("{9A19103F-16F7-4668-BE54-9A1E7A4F7556}") = "exemplo.dao", "dao\exemplo.dao.csproj", "{BAC633FE-18B5-4073-A229-399E60866125}"
EndProject
Project("{9A19103F-16F7-4668-BE54-9A1E7A4F7556}") = "exemplo", "exemplo\exemplo.csproj", "{DA9ADB75-8739-466F-94B4-1371F44C9E61}"
EndProject
Project("{9A19103F-16F7-4668-BE54-9A1E7A4F7556}") = "exemplo.teste-conexao", "exemplo.teste-conexao\exemplo.teste-conexao.csproj", "{8C18A7AE-B23E-4887-B43F-00AFF1DF8C3C}"
EndProject
Project("{FAE04EC0-301F-11D3-BF4B-00C04F79EFBC}") = "exemplo.teste-adiciona", "exemplo.teste-adiciona\exemplo.teste-adiciona.csproj", "{9699DD43-CC6F-407C-A453-B8521DD56551}"
EndProject
Global
	GlobalSection(SolutionConfigurationPlatforms) = preSolution
		Debug|Any CPU = Debug|Any CPU
		Release|Any CPU = Release|Any CPU
	EndGlobalSection
	GlobalSection(ProjectConfigurationPlatforms) = postSolution
		{22B1682D-2D2B-4F49-86CE-F30F752F658A}.Debug|Any CPU.ActiveCfg = Debug|Any CPU
		{22B1682D-2D2B-4F49-86CE-F30F752F658A}.Debug|Any CPU.Build.0 = Debug|Any CPU
		{22B1682D-2D2B-4F49-86CE-F30F752F658A}.Release|Any CPU.ActiveCfg = Release|Any CPU
		{22B1682D-2D2B-4F49-86CE-F30F752F658A}.Release|Any CPU.Build.0 = Release|Any CPU
		{BAC633FE-18B5-4073-A229-399E60866125}.Debug|Any CPU.ActiveCfg = Debug|Any CPU
		{BAC633FE-18B5-4073-A229-399E60866125}.Debug|Any CPU.Build.0 = Debug|Any CPU
		{BAC633FE-18B5-4073-A229-399E60866125}.Release|Any CPU.ActiveCfg = Release|Any CPU
		{BAC633FE-18B5-4073-A229-399E60866125}.Release|Any CPU.Build.0 = Release|Any CPU
		{DA9ADB75-8739-466F-94B4-1371F44C9E61}.Debug|Any CPU.ActiveCfg = Debug|Any CPU
		{DA9ADB75-8739-466F-94B4-1371F44C9E61}.Debug|Any CPU.Build.0 = Debug|Any CPU
		{DA9ADB75-8739-466F-94B4-1371F44C9E61}.Release|Any CPU.ActiveCfg = Release|Any CPU
		{DA9ADB75-8739-466F-94B4-1371F44C9E61}.Release|Any CPU.Build.0 = Release|Any CPU
		{8C18A7AE-B23E-4887-B43F-00AFF1DF8C3C}.Debug|Any CPU.ActiveCfg = Debug|Any CPU
		{8C18A7AE-B23E-4887-B43F-00AFF1DF8C3C}.Debug|Any CPU.Build.0 = Debug|Any CPU
		{8C18A7AE-B23E-4887-B43F-00AFF1DF8C3C}.Release|Any CPU.ActiveCfg = Release|Any CPU
		{8C18A7AE-B23E-4887-B43F-00AFF1DF8C3C}.Release|Any CPU.Build.0 = Release|Any CPU
		{9699DD43-CC6F-407C-A453-B8521DD56551}.Debug|Any CPU.ActiveCfg = Debug|Any CPU
		{9699DD43-CC6F-407C-A453-B8521DD56551}.Debug|Any CPU.Build.0 = Debug|Any CPU
		{9699DD43-CC6F-407C-A453-B8521DD56551}.Release|Any CPU.ActiveCfg = Release|Any CPU
		{9699DD43-CC6F-407C-A453-B8521DD56551}.Release|Any CPU.Build.0 = Release|Any CPU
	EndGlobalSection
	GlobalSection(SolutionProperties) = preSolution
		HideSolutionNode = FALSE
	EndGlobalSection
	GlobalSection(ExtensibilityGlobals) = postSolution
		SolutionGuid = {95EB06E4-3965-4679-8598-820E05291DDA}
	EndGlobalSection
EndGlobal
